
Microsoft Visual Studio Solution File, Format Version 12.00
# Visual Studio Version 17
VisualStudioVersion = 17.8.34330.188
MinimumVisualStudioVersion = 10.0.40219.1
Project("{9A19103F-16F7-4668-BE54-9A1E7A4F7556}") = "VideoFrameGrabber", "src\VideoFrameGrabber\VideoFrameGrabber.csproj", "{E785F3FA-6770-4AB0-8801-8DEECC0A98C8}"
EndProject
Project("{FAE04EC0-301F-11D3-BF4B-00C04F79EFBC}") = "VideoFrameGrabber.Sandbox", "src\VideoFrameGrabber.Sandbox\VideoFrameGrabber.Sandbox.csproj", "{A4FC8BCC-192D-4E47-B5E6-FA6B905FC1B2}"
EndProject
Project("{FAE04EC0-301F-11D3-BF4B-00C04F79EFBC}") = "VideoFrameGrabber.IntegrationTests", "tests\VideoFrameGrabber.IntegrationTests\VideoFrameGrabber.IntegrationTests.csproj", "{E0BCB79C-7D8D-453A-BA99-01212EB928E7}"
EndProject
Project("{FAE04EC0-301F-11D3-BF4B-00C04F79EFBC}") = "VideoFrameGrabber.UnitTests", "tests\VideoFrameGrabber.UnitTests\VideoFrameGrabber.UnitTests.csproj", "{E2B23372-A19E-533F-0452-1B8FB1B64872}"
EndProject
Global
	GlobalSection(SolutionConfigurationPlatforms) = preSolution
		Debug|Any CPU = Debug|Any CPU
		Release|Any CPU = Release|Any CPU
	EndGlobalSection
	GlobalSection(ProjectConfigurationPlatforms) = postSolution
		{E785F3FA-6770-4AB0-8801-8DEECC0A98C8}.Debug|Any CPU.ActiveCfg = Debug|Any CPU
		{E785F3FA-6770-4AB0-8801-8DEECC0A98C8}.Debug|Any CPU.Build.0 = Debug|Any CPU
		{E785F3FA-6770-4AB0-8801-8DEECC0A98C8}.Release|Any CPU.ActiveCfg = Release|Any CPU
		{E785F3FA-6770-4AB0-8801-8DEECC0A98C8}.Release|Any CPU.Build.0 = Release|Any CPU
		{A4FC8BCC-192D-4E47-B5E6-FA6B905FC1B2}.Debug|Any CPU.ActiveCfg = Debug|Any CPU
		{A4FC8BCC-192D-4E47-B5E6-FA6B905FC1B2}.Debug|Any CPU.Build.0 = Debug|Any CPU
		{A4FC8BCC-192D-4E47-B5E6-FA6B905FC1B2}.Release|Any CPU.ActiveCfg = Release|Any CPU
		{A4FC8BCC-192D-4E47-B5E6-FA6B905FC1B2}.Release|Any CPU.Build.0 = Release|Any CPU
		{E0BCB79C-7D8D-453A-BA99-01212EB928E7}.Debug|Any CPU.ActiveCfg = Debug|Any CPU
		{E0BCB79C-7D8D-453A-BA99-01212EB928E7}.Debug|Any CPU.Build.0 = Debug|Any CPU
		{E0BCB79C-7D8D-453A-BA99-01212EB928E7}.Release|Any CPU.ActiveCfg = Release|Any CPU
		{E0BCB79C-7D8D-453A-BA99-01212EB928E7}.Release|Any CPU.Build.0 = Release|Any CPU
		{E2B23372-A19E-533F-0452-1B8FB1B64872}.Debug|Any CPU.ActiveCfg = Debug|Any CPU
		{E2B23372-A19E-533F-0452-1B8FB1B64872}.Debug|Any CPU.Build.0 = Debug|Any CPU
		{E2B23372-A19E-533F-0452-1B8FB1B64872}.Release|Any CPU.ActiveCfg = Release|Any CPU
		{E2B23372-A19E-533F-0452-1B8FB1B64872}.Release|Any CPU.Build.0 = Release|Any CPU
	EndGlobalSection
	GlobalSection(SolutionProperties) = preSolution
		HideSolutionNode = FALSE
	EndGlobalSection
	GlobalSection(ExtensibilityGlobals) = postSolution
		SolutionGuid = {89BB5A65-48E2-4A57-99EE-929930BD49A0}
	EndGlobalSection
EndGlobal
